
Microsoft Visual Studio Solution File, Format Version 12.00
# Visual Studio 15
VisualStudioVersion = 15.0.26228.9
MinimumVisualStudioVersion = 10.0.40219.1
Project("{2150E333-8FDC-42A3-9474-1A3956D46DE8}") = "Basics", "Basics", "{DDFA4F62-E783-460B-A348-CC334989E982}"
EndProject
Project("{FAE04EC0-301F-11D3-BF4B-00C04F79EFBC}") = "01.01.HelloCSharp", "01.01.HelloCSharp\01.01.HelloCSharp.csproj", "{7EEA6088-028E-449F-8D7A-937973CA3397}"
EndProject
Project("{FAE04EC0-301F-11D3-BF4B-00C04F79EFBC}") = "01.02.Expression", "01.02.Expression\01.02.Expression.csproj", "{1ACF31ED-1502-4B22-91C3-CD407C4E9073}"
EndProject
Project("{FAE04EC0-301F-11D3-BF4B-00C04F79EFBC}") = "01.05.Nums1To20", "01.05.Nums1To20\01.05.Nums1To20.csproj", "{71B0ACC3-20EA-4F71-9EC5-6B148FCE3D88}"
EndProject
Project("{FAE04EC0-301F-11D3-BF4B-00C04F79EFBC}") = "01.06.TriangleOf55Stars", "01.06.TriangleOf55Stars\01.06.TriangleOf55Stars.csproj", "{7BBCA3C3-33FC-4160-8E59-4FDA66726C22}"
EndProject
Project("{FAE04EC0-301F-11D3-BF4B-00C04F79EFBC}") = "01.07.RectangleArea", "01.07.RectangleArea\01.07.RectangleArea.csproj", "{F6B34ED4-AF5A-4378-8718-496A3FF32A08}"
EndProject
Project("{FAE04EC0-301F-11D3-BF4B-00C04F79EFBC}") = "01.08.SquareOfStars", "01.08.SquareOfStars\01.08.SquareOfStars.csproj", "{E76D0546-BAC6-4CD0-B8F1-C8CCAD2C81A4}"
EndProject
Project("{2150E333-8FDC-42A3-9474-1A3956D46DE8}") = "01.First Steps in Coding", "01.First Steps in Coding", "{1F57F421-EA3A-4700-A1B8-BDF0994E7F8A}"
EndProject
Project("{FAE04EC0-301F-11D3-BF4B-00C04F79EFBC}") = "01.09.Sumator", "Sumator\01.09.Sumator.csproj", "{AE11C3B4-0506-4578-8C4A-2ABCE324B786}"
EndProject
Project("{2150E333-8FDC-42A3-9474-1A3956D46DE8}") = "02.Simple Calculations", "02.Simple Calculations", "{E4CC3475-D1EB-4A1B-B6C1-AABADFF4C0B1}"
EndProject
Project("{FAE04EC0-301F-11D3-BF4B-00C04F79EFBC}") = "02.02.SquareArea", "SquareArea\02.02.SquareArea.csproj", "{E8A9EAD3-22C6-4B30-9441-6E74BA793DF4}"
EndProject
Project("{FAE04EC0-301F-11D3-BF4B-00C04F79EFBC}") = "02.03.InchesToCentimeters", "InchesToCentimeters\02.03.InchesToCentimeters.csproj", "{91562D61-9FD6-48E4-AD31-A36181E3D0DF}"
EndProject
Project("{FAE04EC0-301F-11D3-BF4B-00C04F79EFBC}") = "02.04.GreetingByName", "GreetingByName\02.04.GreetingByName.csproj", "{81C86E8B-C0D1-48E6-9E27-BEE92CF4632E}"
EndProject
Project("{FAE04EC0-301F-11D3-BF4B-00C04F79EFBC}") = "02.05.ConcatenateData", "ConcatenateData\02.05.ConcatenateData.csproj", "{E4A7FDA5-D4FF-4E02-80D1-58236819A588}"
EndProject
Project("{FAE04EC0-301F-11D3-BF4B-00C04F79EFBC}") = "02.06.TrapeziodArea", "TrapeziodArea\02.06.TrapeziodArea.csproj", "{4C02B5CF-0D4F-4BD0-99B9-F724AE369D08}"
EndProject
Project("{FAE04EC0-301F-11D3-BF4B-00C04F79EFBC}") = "02.07.CircleAreaAndPerimeter", "CircleAreaAndPerimeter\02.07.CircleAreaAndPerimeter.csproj", "{360F2624-D0CE-4904-AE41-77869927DCC0}"
EndProject
Project("{FAE04EC0-301F-11D3-BF4B-00C04F79EFBC}") = "02.08.RectangleArea", "RectangleArea\02.08.RectangleArea.csproj", "{9FE903F3-BD65-462B-8388-CDDDE0A7BA30}"
EndProject
Project("{FAE04EC0-301F-11D3-BF4B-00C04F79EFBC}") = "02.09.TriangleArea", "TriangleArea\02.09.TriangleArea.csproj", "{1E9325DA-B4F0-47BE-937C-FA637330CBDB}"
EndProject
Project("{FAE04EC0-301F-11D3-BF4B-00C04F79EFBC}") = "02.10.CelsiusToFahrenheit", "CelsiusToFahrenheit\02.10.CelsiusToFahrenheit.csproj", "{036292F9-0364-4C7E-90EE-E2DC0D711390}"
EndProject
Project("{FAE04EC0-301F-11D3-BF4B-00C04F79EFBC}") = "02.11.RadiansToDegrees", "RadiansToDegrees\02.11.RadiansToDegrees.csproj", "{08DF0085-0A93-4FB5-A752-D6D2B7B7F262}"
EndProject
Project("{FAE04EC0-301F-11D3-BF4B-00C04F79EFBC}") = "02.12.USDtoBGN", "USDtoBGN\02.12.USDtoBGN.csproj", "{70B56EE7-89C5-442A-9024-42A62BF2EEB0}"
EndProject
Project("{FAE04EC0-301F-11D3-BF4B-00C04F79EFBC}") = "02.13.CurrencyConverter", "CurrencyConverter\02.13.CurrencyConverter.csproj", "{D63F6CBA-B61A-4330-B8E3-6DE1B129962A}"
EndProject
Project("{FAE04EC0-301F-11D3-BF4B-00C04F79EFBC}") = "02.14.DaysAfterBirth", "DaysAfterBirth\02.14.DaysAfterBirth.csproj", "{AD76D73C-D09C-4E09-9ED4-B853927D41A6}"
EndProject
Project("{FAE04EC0-301F-11D3-BF4B-00C04F79EFBC}") = "02.15.BGNtoEURForm", "BGNtoEURForm\02.15.BGNtoEURForm.csproj", "{EEFF5156-BE85-48A8-9A2E-45D1F14391C5}"
EndProject
Project("{FAE04EC0-301F-11D3-BF4B-00C04F79EFBC}") = "02.16.CatchMe", "CatchMe\02.16.CatchMe.csproj", "{4AD1A956-66FE-42F1-9665-B241A0E6745E}"
EndProject
Project("{2150E333-8FDC-42A3-9474-1A3956D46DE8}") = "03.Simple Conditional Statements", "03.Simple Conditional Statements", "{A978A4FF-0DCF-4051-B167-1AA04569204D}"
EndProject
Project("{FAE04EC0-301F-11D3-BF4B-00C04F79EFBC}") = "03.01.ExcellentResult", "ExcellentResult\03.01.ExcellentResult.csproj", "{CB1D143F-F05E-4A68-BF39-6831F7E29AEB}"
EndProject
Project("{FAE04EC0-301F-11D3-BF4B-00C04F79EFBC}") = "03.02.ExcellentOrNot", "ExcellentOrNot\03.02.ExcellentOrNot.csproj", "{B5D42C2A-695E-4FD8-830E-5116F821E17E}"
EndProject
Project("{FAE04EC0-301F-11D3-BF4B-00C04F79EFBC}") = "03.03.EvenOrOdd", "EvenOrOdd\03.03.EvenOrOdd.csproj", "{36E5FDAF-E3A8-49C4-96EE-44A13B0796FA}"
EndProject
Project("{FAE04EC0-301F-11D3-BF4B-00C04F79EFBC}") = "03.04.GreaterNumber", "GreaterNumber\03.04.GreaterNumber.csproj", "{A074A9F9-8446-435C-B82B-C6BDFCD14430}"
EndProject
Project("{FAE04EC0-301F-11D3-BF4B-00C04F79EFBC}") = "03.05.NumberToText", "NumberToText\03.05.NumberToText.csproj", "{846C3858-F3DF-464B-AB8F-5D968AD75067}"
EndProject
Project("{FAE04EC0-301F-11D3-BF4B-00C04F79EFBC}") = "03.06.BonusScore", "BonusScore\03.06.BonusScore.csproj", "{965B9865-0497-4B40-986D-DAE1C1AC658D}"
EndProject
Project("{FAE04EC0-301F-11D3-BF4B-00C04F79EFBC}") = "03.07.SumSeconds", "SumSeconds\03.07.SumSeconds.csproj", "{8C624348-66B6-4B9D-944A-237B6B179A2E}"
EndProject
Project("{FAE04EC0-301F-11D3-BF4B-00C04F79EFBC}") = "03.09.PasswordGuess", "PasswordGuess\03.09.PasswordGuess.csproj", "{9765CE59-62C3-43C4-A486-835DA47DB00D}"
EndProject
Project("{FAE04EC0-301F-11D3-BF4B-00C04F79EFBC}") = "03.10.NumberBetween", "NumberBetween\03.10.NumberBetween.csproj", "{9F072565-6FDB-48C8-B517-B15D5B9EDAD0}"
EndProject
Project("{FAE04EC0-301F-11D3-BF4B-00C04F79EFBC}") = "03.11.EqualWords", "EqualWords\03.11.EqualWords.csproj", "{0C7EF6E2-01C9-4AC9-B938-B56431CAF275}"
EndProject
Global
	GlobalSection(SolutionConfigurationPlatforms) = preSolution
		Debug|Any CPU = Debug|Any CPU
		Release|Any CPU = Release|Any CPU
	EndGlobalSection
	GlobalSection(ProjectConfigurationPlatforms) = postSolution
		{7EEA6088-028E-449F-8D7A-937973CA3397}.Debug|Any CPU.ActiveCfg = Debug|Any CPU
		{7EEA6088-028E-449F-8D7A-937973CA3397}.Debug|Any CPU.Build.0 = Debug|Any CPU
		{7EEA6088-028E-449F-8D7A-937973CA3397}.Release|Any CPU.ActiveCfg = Release|Any CPU
		{7EEA6088-028E-449F-8D7A-937973CA3397}.Release|Any CPU.Build.0 = Release|Any CPU
		{1ACF31ED-1502-4B22-91C3-CD407C4E9073}.Debug|Any CPU.ActiveCfg = Debug|Any CPU
		{1ACF31ED-1502-4B22-91C3-CD407C4E9073}.Debug|Any CPU.Build.0 = Debug|Any CPU
		{1ACF31ED-1502-4B22-91C3-CD407C4E9073}.Release|Any CPU.ActiveCfg = Release|Any CPU
		{1ACF31ED-1502-4B22-91C3-CD407C4E9073}.Release|Any CPU.Build.0 = Release|Any CPU
		{71B0ACC3-20EA-4F71-9EC5-6B148FCE3D88}.Debug|Any CPU.ActiveCfg = Debug|Any CPU
		{71B0ACC3-20EA-4F71-9EC5-6B148FCE3D88}.Debug|Any CPU.Build.0 = Debug|Any CPU
		{71B0ACC3-20EA-4F71-9EC5-6B148FCE3D88}.Release|Any CPU.ActiveCfg = Release|Any CPU
		{71B0ACC3-20EA-4F71-9EC5-6B148FCE3D88}.Release|Any CPU.Build.0 = Release|Any CPU
		{7BBCA3C3-33FC-4160-8E59-4FDA66726C22}.Debug|Any CPU.ActiveCfg = Debug|Any CPU
		{7BBCA3C3-33FC-4160-8E59-4FDA66726C22}.Debug|Any CPU.Build.0 = Debug|Any CPU
		{7BBCA3C3-33FC-4160-8E59-4FDA66726C22}.Release|Any CPU.ActiveCfg = Release|Any CPU
		{7BBCA3C3-33FC-4160-8E59-4FDA66726C22}.Release|Any CPU.Build.0 = Release|Any CPU
		{F6B34ED4-AF5A-4378-8718-496A3FF32A08}.Debug|Any CPU.ActiveCfg = Debug|Any CPU
		{F6B34ED4-AF5A-4378-8718-496A3FF32A08}.Debug|Any CPU.Build.0 = Debug|Any CPU
		{F6B34ED4-AF5A-4378-8718-496A3FF32A08}.Release|Any CPU.ActiveCfg = Release|Any CPU
		{F6B34ED4-AF5A-4378-8718-496A3FF32A08}.Release|Any CPU.Build.0 = Release|Any CPU
		{E76D0546-BAC6-4CD0-B8F1-C8CCAD2C81A4}.Debug|Any CPU.ActiveCfg = Debug|Any CPU
		{E76D0546-BAC6-4CD0-B8F1-C8CCAD2C81A4}.Debug|Any CPU.Build.0 = Debug|Any CPU
		{E76D0546-BAC6-4CD0-B8F1-C8CCAD2C81A4}.Release|Any CPU.ActiveCfg = Release|Any CPU
		{E76D0546-BAC6-4CD0-B8F1-C8CCAD2C81A4}.Release|Any CPU.Build.0 = Release|Any CPU
		{AE11C3B4-0506-4578-8C4A-2ABCE324B786}.Debug|Any CPU.ActiveCfg = Debug|Any CPU
		{AE11C3B4-0506-4578-8C4A-2ABCE324B786}.Debug|Any CPU.Build.0 = Debug|Any CPU
		{AE11C3B4-0506-4578-8C4A-2ABCE324B786}.Release|Any CPU.ActiveCfg = Release|Any CPU
		{AE11C3B4-0506-4578-8C4A-2ABCE324B786}.Release|Any CPU.Build.0 = Release|Any CPU
		{E8A9EAD3-22C6-4B30-9441-6E74BA793DF4}.Debug|Any CPU.ActiveCfg = Debug|Any CPU
		{E8A9EAD3-22C6-4B30-9441-6E74BA793DF4}.Debug|Any CPU.Build.0 = Debug|Any CPU
		{E8A9EAD3-22C6-4B30-9441-6E74BA793DF4}.Release|Any CPU.ActiveCfg = Release|Any CPU
		{E8A9EAD3-22C6-4B30-9441-6E74BA793DF4}.Release|Any CPU.Build.0 = Release|Any CPU
		{91562D61-9FD6-48E4-AD31-A36181E3D0DF}.Debug|Any CPU.ActiveCfg = Debug|Any CPU
		{91562D61-9FD6-48E4-AD31-A36181E3D0DF}.Debug|Any CPU.Build.0 = Debug|Any CPU
		{91562D61-9FD6-48E4-AD31-A36181E3D0DF}.Release|Any CPU.ActiveCfg = Release|Any CPU
		{91562D61-9FD6-48E4-AD31-A36181E3D0DF}.Release|Any CPU.Build.0 = Release|Any CPU
		{81C86E8B-C0D1-48E6-9E27-BEE92CF4632E}.Debug|Any CPU.ActiveCfg = Debug|Any CPU
		{81C86E8B-C0D1-48E6-9E27-BEE92CF4632E}.Debug|Any CPU.Build.0 = Debug|Any CPU
		{81C86E8B-C0D1-48E6-9E27-BEE92CF4632E}.Release|Any CPU.ActiveCfg = Release|Any CPU
		{81C86E8B-C0D1-48E6-9E27-BEE92CF4632E}.Release|Any CPU.Build.0 = Release|Any CPU
		{E4A7FDA5-D4FF-4E02-80D1-58236819A588}.Debug|Any CPU.ActiveCfg = Debug|Any CPU
		{E4A7FDA5-D4FF-4E02-80D1-58236819A588}.Debug|Any CPU.Build.0 = Debug|Any CPU
		{E4A7FDA5-D4FF-4E02-80D1-58236819A588}.Release|Any CPU.ActiveCfg = Release|Any CPU
		{E4A7FDA5-D4FF-4E02-80D1-58236819A588}.Release|Any CPU.Build.0 = Release|Any CPU
		{4C02B5CF-0D4F-4BD0-99B9-F724AE369D08}.Debug|Any CPU.ActiveCfg = Debug|Any CPU
		{4C02B5CF-0D4F-4BD0-99B9-F724AE369D08}.Debug|Any CPU.Build.0 = Debug|Any CPU
		{4C02B5CF-0D4F-4BD0-99B9-F724AE369D08}.Release|Any CPU.ActiveCfg = Release|Any CPU
		{4C02B5CF-0D4F-4BD0-99B9-F724AE369D08}.Release|Any CPU.Build.0 = Release|Any CPU
		{360F2624-D0CE-4904-AE41-77869927DCC0}.Debug|Any CPU.ActiveCfg = Debug|Any CPU
		{360F2624-D0CE-4904-AE41-77869927DCC0}.Debug|Any CPU.Build.0 = Debug|Any CPU
		{360F2624-D0CE-4904-AE41-77869927DCC0}.Release|Any CPU.ActiveCfg = Release|Any CPU
		{360F2624-D0CE-4904-AE41-77869927DCC0}.Release|Any CPU.Build.0 = Release|Any CPU
		{9FE903F3-BD65-462B-8388-CDDDE0A7BA30}.Debug|Any CPU.ActiveCfg = Debug|Any CPU
		{9FE903F3-BD65-462B-8388-CDDDE0A7BA30}.Debug|Any CPU.Build.0 = Debug|Any CPU
		{9FE903F3-BD65-462B-8388-CDDDE0A7BA30}.Release|Any CPU.ActiveCfg = Release|Any CPU
		{9FE903F3-BD65-462B-8388-CDDDE0A7BA30}.Release|Any CPU.Build.0 = Release|Any CPU
		{1E9325DA-B4F0-47BE-937C-FA637330CBDB}.Debug|Any CPU.ActiveCfg = Debug|Any CPU
		{1E9325DA-B4F0-47BE-937C-FA637330CBDB}.Debug|Any CPU.Build.0 = Debug|Any CPU
		{1E9325DA-B4F0-47BE-937C-FA637330CBDB}.Release|Any CPU.ActiveCfg = Release|Any CPU
		{1E9325DA-B4F0-47BE-937C-FA637330CBDB}.Release|Any CPU.Build.0 = Release|Any CPU
		{036292F9-0364-4C7E-90EE-E2DC0D711390}.Debug|Any CPU.ActiveCfg = Debug|Any CPU
		{036292F9-0364-4C7E-90EE-E2DC0D711390}.Debug|Any CPU.Build.0 = Debug|Any CPU
		{036292F9-0364-4C7E-90EE-E2DC0D711390}.Release|Any CPU.ActiveCfg = Release|Any CPU
		{036292F9-0364-4C7E-90EE-E2DC0D711390}.Release|Any CPU.Build.0 = Release|Any CPU
		{08DF0085-0A93-4FB5-A752-D6D2B7B7F262}.Debug|Any CPU.ActiveCfg = Debug|Any CPU
		{08DF0085-0A93-4FB5-A752-D6D2B7B7F262}.Debug|Any CPU.Build.0 = Debug|Any CPU
		{08DF0085-0A93-4FB5-A752-D6D2B7B7F262}.Release|Any CPU.ActiveCfg = Release|Any CPU
		{08DF0085-0A93-4FB5-A752-D6D2B7B7F262}.Release|Any CPU.Build.0 = Release|Any CPU
		{70B56EE7-89C5-442A-9024-42A62BF2EEB0}.Debug|Any CPU.ActiveCfg = Debug|Any CPU
		{70B56EE7-89C5-442A-9024-42A62BF2EEB0}.Debug|Any CPU.Build.0 = Debug|Any CPU
		{70B56EE7-89C5-442A-9024-42A62BF2EEB0}.Release|Any CPU.ActiveCfg = Release|Any CPU
		{70B56EE7-89C5-442A-9024-42A62BF2EEB0}.Release|Any CPU.Build.0 = Release|Any CPU
		{D63F6CBA-B61A-4330-B8E3-6DE1B129962A}.Debug|Any CPU.ActiveCfg = Debug|Any CPU
		{D63F6CBA-B61A-4330-B8E3-6DE1B129962A}.Debug|Any CPU.Build.0 = Debug|Any CPU
		{D63F6CBA-B61A-4330-B8E3-6DE1B129962A}.Release|Any CPU.ActiveCfg = Release|Any CPU
		{D63F6CBA-B61A-4330-B8E3-6DE1B129962A}.Release|Any CPU.Build.0 = Release|Any CPU
		{AD76D73C-D09C-4E09-9ED4-B853927D41A6}.Debug|Any CPU.ActiveCfg = Debug|Any CPU
		{AD76D73C-D09C-4E09-9ED4-B853927D41A6}.Debug|Any CPU.Build.0 = Debug|Any CPU
		{AD76D73C-D09C-4E09-9ED4-B853927D41A6}.Release|Any CPU.ActiveCfg = Release|Any CPU
		{AD76D73C-D09C-4E09-9ED4-B853927D41A6}.Release|Any CPU.Build.0 = Release|Any CPU
		{EEFF5156-BE85-48A8-9A2E-45D1F14391C5}.Debug|Any CPU.ActiveCfg = Debug|Any CPU
		{EEFF5156-BE85-48A8-9A2E-45D1F14391C5}.Debug|Any CPU.Build.0 = Debug|Any CPU
		{EEFF5156-BE85-48A8-9A2E-45D1F14391C5}.Release|Any CPU.ActiveCfg = Release|Any CPU
		{EEFF5156-BE85-48A8-9A2E-45D1F14391C5}.Release|Any CPU.Build.0 = Release|Any CPU
		{4AD1A956-66FE-42F1-9665-B241A0E6745E}.Debug|Any CPU.ActiveCfg = Debug|Any CPU
		{4AD1A956-66FE-42F1-9665-B241A0E6745E}.Debug|Any CPU.Build.0 = Debug|Any CPU
		{4AD1A956-66FE-42F1-9665-B241A0E6745E}.Release|Any CPU.ActiveCfg = Release|Any CPU
		{4AD1A956-66FE-42F1-9665-B241A0E6745E}.Release|Any CPU.Build.0 = Release|Any CPU
		{CB1D143F-F05E-4A68-BF39-6831F7E29AEB}.Debug|Any CPU.ActiveCfg = Debug|Any CPU
		{CB1D143F-F05E-4A68-BF39-6831F7E29AEB}.Debug|Any CPU.Build.0 = Debug|Any CPU
		{CB1D143F-F05E-4A68-BF39-6831F7E29AEB}.Release|Any CPU.ActiveCfg = Release|Any CPU
		{CB1D143F-F05E-4A68-BF39-6831F7E29AEB}.Release|Any CPU.Build.0 = Release|Any CPU
		{B5D42C2A-695E-4FD8-830E-5116F821E17E}.Debug|Any CPU.ActiveCfg = Debug|Any CPU
		{B5D42C2A-695E-4FD8-830E-5116F821E17E}.Debug|Any CPU.Build.0 = Debug|Any CPU
		{B5D42C2A-695E-4FD8-830E-5116F821E17E}.Release|Any CPU.ActiveCfg = Release|Any CPU
		{B5D42C2A-695E-4FD8-830E-5116F821E17E}.Release|Any CPU.Build.0 = Release|Any CPU
		{36E5FDAF-E3A8-49C4-96EE-44A13B0796FA}.Debug|Any CPU.ActiveCfg = Debug|Any CPU
		{36E5FDAF-E3A8-49C4-96EE-44A13B0796FA}.Debug|Any CPU.Build.0 = Debug|Any CPU
		{36E5FDAF-E3A8-49C4-96EE-44A13B0796FA}.Release|Any CPU.ActiveCfg = Release|Any CPU
		{36E5FDAF-E3A8-49C4-96EE-44A13B0796FA}.Release|Any CPU.Build.0 = Release|Any CPU
		{A074A9F9-8446-435C-B82B-C6BDFCD14430}.Debug|Any CPU.ActiveCfg = Debug|Any CPU
		{A074A9F9-8446-435C-B82B-C6BDFCD14430}.Debug|Any CPU.Build.0 = Debug|Any CPU
		{A074A9F9-8446-435C-B82B-C6BDFCD14430}.Release|Any CPU.ActiveCfg = Release|Any CPU
		{A074A9F9-8446-435C-B82B-C6BDFCD14430}.Release|Any CPU.Build.0 = Release|Any CPU
		{846C3858-F3DF-464B-AB8F-5D968AD75067}.Debug|Any CPU.ActiveCfg = Debug|Any CPU
		{846C3858-F3DF-464B-AB8F-5D968AD75067}.Debug|Any CPU.Build.0 = Debug|Any CPU
		{846C3858-F3DF-464B-AB8F-5D968AD75067}.Release|Any CPU.ActiveCfg = Release|Any CPU
		{846C3858-F3DF-464B-AB8F-5D968AD75067}.Release|Any CPU.Build.0 = Release|Any CPU
		{965B9865-0497-4B40-986D-DAE1C1AC658D}.Debug|Any CPU.ActiveCfg = Debug|Any CPU
		{965B9865-0497-4B40-986D-DAE1C1AC658D}.Debug|Any CPU.Build.0 = Debug|Any CPU
		{965B9865-0497-4B40-986D-DAE1C1AC658D}.Release|Any CPU.ActiveCfg = Release|Any CPU
		{965B9865-0497-4B40-986D-DAE1C1AC658D}.Release|Any CPU.Build.0 = Release|Any CPU
		{8C624348-66B6-4B9D-944A-237B6B179A2E}.Debug|Any CPU.ActiveCfg = Debug|Any CPU
		{8C624348-66B6-4B9D-944A-237B6B179A2E}.Debug|Any CPU.Build.0 = Debug|Any CPU
		{8C624348-66B6-4B9D-944A-237B6B179A2E}.Release|Any CPU.ActiveCfg = Release|Any CPU
		{8C624348-66B6-4B9D-944A-237B6B179A2E}.Release|Any CPU.Build.0 = Release|Any CPU
		{9765CE59-62C3-43C4-A486-835DA47DB00D}.Debug|Any CPU.ActiveCfg = Debug|Any CPU
		{9765CE59-62C3-43C4-A486-835DA47DB00D}.Debug|Any CPU.Build.0 = Debug|Any CPU
		{9765CE59-62C3-43C4-A486-835DA47DB00D}.Release|Any CPU.ActiveCfg = Release|Any CPU
		{9765CE59-62C3-43C4-A486-835DA47DB00D}.Release|Any CPU.Build.0 = Release|Any CPU
		{9F072565-6FDB-48C8-B517-B15D5B9EDAD0}.Debug|Any CPU.ActiveCfg = Debug|Any CPU
		{9F072565-6FDB-48C8-B517-B15D5B9EDAD0}.Debug|Any CPU.Build.0 = Debug|Any CPU
		{9F072565-6FDB-48C8-B517-B15D5B9EDAD0}.Release|Any CPU.ActiveCfg = Release|Any CPU
		{9F072565-6FDB-48C8-B517-B15D5B9EDAD0}.Release|Any CPU.Build.0 = Release|Any CPU
		{0C7EF6E2-01C9-4AC9-B938-B56431CAF275}.Debug|Any CPU.ActiveCfg = Debug|Any CPU
		{0C7EF6E2-01C9-4AC9-B938-B56431CAF275}.Debug|Any CPU.Build.0 = Debug|Any CPU
		{0C7EF6E2-01C9-4AC9-B938-B56431CAF275}.Release|Any CPU.ActiveCfg = Release|Any CPU
		{0C7EF6E2-01C9-4AC9-B938-B56431CAF275}.Release|Any CPU.Build.0 = Release|Any CPU
	EndGlobalSection
	GlobalSection(SolutionProperties) = preSolution
		HideSolutionNode = FALSE
	EndGlobalSection
	GlobalSection(NestedProjects) = preSolution
		{7EEA6088-028E-449F-8D7A-937973CA3397} = {1F57F421-EA3A-4700-A1B8-BDF0994E7F8A}
		{1ACF31ED-1502-4B22-91C3-CD407C4E9073} = {1F57F421-EA3A-4700-A1B8-BDF0994E7F8A}
		{71B0ACC3-20EA-4F71-9EC5-6B148FCE3D88} = {1F57F421-EA3A-4700-A1B8-BDF0994E7F8A}
		{7BBCA3C3-33FC-4160-8E59-4FDA66726C22} = {1F57F421-EA3A-4700-A1B8-BDF0994E7F8A}
		{F6B34ED4-AF5A-4378-8718-496A3FF32A08} = {1F57F421-EA3A-4700-A1B8-BDF0994E7F8A}
		{E76D0546-BAC6-4CD0-B8F1-C8CCAD2C81A4} = {1F57F421-EA3A-4700-A1B8-BDF0994E7F8A}
		{1F57F421-EA3A-4700-A1B8-BDF0994E7F8A} = {DDFA4F62-E783-460B-A348-CC334989E982}
		{AE11C3B4-0506-4578-8C4A-2ABCE324B786} = {1F57F421-EA3A-4700-A1B8-BDF0994E7F8A}
		{E4CC3475-D1EB-4A1B-B6C1-AABADFF4C0B1} = {DDFA4F62-E783-460B-A348-CC334989E982}
		{E8A9EAD3-22C6-4B30-9441-6E74BA793DF4} = {E4CC3475-D1EB-4A1B-B6C1-AABADFF4C0B1}
		{91562D61-9FD6-48E4-AD31-A36181E3D0DF} = {E4CC3475-D1EB-4A1B-B6C1-AABADFF4C0B1}
		{81C86E8B-C0D1-48E6-9E27-BEE92CF4632E} = {E4CC3475-D1EB-4A1B-B6C1-AABADFF4C0B1}
		{E4A7FDA5-D4FF-4E02-80D1-58236819A588} = {E4CC3475-D1EB-4A1B-B6C1-AABADFF4C0B1}
		{4C02B5CF-0D4F-4BD0-99B9-F724AE369D08} = {E4CC3475-D1EB-4A1B-B6C1-AABADFF4C0B1}
		{360F2624-D0CE-4904-AE41-77869927DCC0} = {E4CC3475-D1EB-4A1B-B6C1-AABADFF4C0B1}
		{9FE903F3-BD65-462B-8388-CDDDE0A7BA30} = {E4CC3475-D1EB-4A1B-B6C1-AABADFF4C0B1}
		{1E9325DA-B4F0-47BE-937C-FA637330CBDB} = {E4CC3475-D1EB-4A1B-B6C1-AABADFF4C0B1}
		{036292F9-0364-4C7E-90EE-E2DC0D711390} = {E4CC3475-D1EB-4A1B-B6C1-AABADFF4C0B1}
		{08DF0085-0A93-4FB5-A752-D6D2B7B7F262} = {E4CC3475-D1EB-4A1B-B6C1-AABADFF4C0B1}
		{70B56EE7-89C5-442A-9024-42A62BF2EEB0} = {E4CC3475-D1EB-4A1B-B6C1-AABADFF4C0B1}
		{D63F6CBA-B61A-4330-B8E3-6DE1B129962A} = {E4CC3475-D1EB-4A1B-B6C1-AABADFF4C0B1}
		{AD76D73C-D09C-4E09-9ED4-B853927D41A6} = {E4CC3475-D1EB-4A1B-B6C1-AABADFF4C0B1}
		{EEFF5156-BE85-48A8-9A2E-45D1F14391C5} = {E4CC3475-D1EB-4A1B-B6C1-AABADFF4C0B1}
		{4AD1A956-66FE-42F1-9665-B241A0E6745E} = {E4CC3475-D1EB-4A1B-B6C1-AABADFF4C0B1}
		{A978A4FF-0DCF-4051-B167-1AA04569204D} = {DDFA4F62-E783-460B-A348-CC334989E982}
		{CB1D143F-F05E-4A68-BF39-6831F7E29AEB} = {A978A4FF-0DCF-4051-B167-1AA04569204D}
		{B5D42C2A-695E-4FD8-830E-5116F821E17E} = {A978A4FF-0DCF-4051-B167-1AA04569204D}
		{36E5FDAF-E3A8-49C4-96EE-44A13B0796FA} = {A978A4FF-0DCF-4051-B167-1AA04569204D}
		{A074A9F9-8446-435C-B82B-C6BDFCD14430} = {A978A4FF-0DCF-4051-B167-1AA04569204D}
		{846C3858-F3DF-464B-AB8F-5D968AD75067} = {A978A4FF-0DCF-4051-B167-1AA04569204D}
		{965B9865-0497-4B40-986D-DAE1C1AC658D} = {A978A4FF-0DCF-4051-B167-1AA04569204D}
		{8C624348-66B6-4B9D-944A-237B6B179A2E} = {A978A4FF-0DCF-4051-B167-1AA04569204D}
		{9765CE59-62C3-43C4-A486-835DA47DB00D} = {A978A4FF-0DCF-4051-B167-1AA04569204D}
		{9F072565-6FDB-48C8-B517-B15D5B9EDAD0} = {A978A4FF-0DCF-4051-B167-1AA04569204D}
		{0C7EF6E2-01C9-4AC9-B938-B56431CAF275} = {A978A4FF-0DCF-4051-B167-1AA04569204D}
	EndGlobalSection
EndGlobal
