
Microsoft Visual Studio Solution File, Format Version 12.00
# Visual Studio 14
VisualStudioVersion = 14.0.25420.1
MinimumVisualStudioVersion = 10.0.40219.1
Project("{2150E333-8FDC-42A3-9474-1A3956D46DE8}") = "Basics", "Basics", "{DDFA4F62-E783-460B-A348-CC334989E982}"
EndProject
Project("{FAE04EC0-301F-11D3-BF4B-00C04F79EFBC}") = "01.01.HelloCSharp", "01.01.HelloCSharp\01.01.HelloCSharp.csproj", "{7EEA6088-028E-449F-8D7A-937973CA3397}"
EndProject
Project("{FAE04EC0-301F-11D3-BF4B-00C04F79EFBC}") = "01.02.Expression", "01.02.Expression\01.02.Expression.csproj", "{1ACF31ED-1502-4B22-91C3-CD407C4E9073}"
EndProject
Project("{FAE04EC0-301F-11D3-BF4B-00C04F79EFBC}") = "01.05.Nums1To20", "01.05.Nums1To20\01.05.Nums1To20.csproj", "{71B0ACC3-20EA-4F71-9EC5-6B148FCE3D88}"
EndProject
Project("{FAE04EC0-301F-11D3-BF4B-00C04F79EFBC}") = "01.06.TriangleOf55Stars", "01.06.TriangleOf55Stars\01.06.TriangleOf55Stars.csproj", "{7BBCA3C3-33FC-4160-8E59-4FDA66726C22}"
EndProject
Global
	GlobalSection(SolutionConfigurationPlatforms) = preSolution
		Debug|Any CPU = Debug|Any CPU
		Release|Any CPU = Release|Any CPU
	EndGlobalSection
	GlobalSection(ProjectConfigurationPlatforms) = postSolution
		{7EEA6088-028E-449F-8D7A-937973CA3397}.Debug|Any CPU.ActiveCfg = Debug|Any CPU
		{7EEA6088-028E-449F-8D7A-937973CA3397}.Debug|Any CPU.Build.0 = Debug|Any CPU
		{7EEA6088-028E-449F-8D7A-937973CA3397}.Release|Any CPU.ActiveCfg = Release|Any CPU
		{7EEA6088-028E-449F-8D7A-937973CA3397}.Release|Any CPU.Build.0 = Release|Any CPU
		{1ACF31ED-1502-4B22-91C3-CD407C4E9073}.Debug|Any CPU.ActiveCfg = Debug|Any CPU
		{1ACF31ED-1502-4B22-91C3-CD407C4E9073}.Debug|Any CPU.Build.0 = Debug|Any CPU
		{1ACF31ED-1502-4B22-91C3-CD407C4E9073}.Release|Any CPU.ActiveCfg = Release|Any CPU
		{1ACF31ED-1502-4B22-91C3-CD407C4E9073}.Release|Any CPU.Build.0 = Release|Any CPU
		{71B0ACC3-20EA-4F71-9EC5-6B148FCE3D88}.Debug|Any CPU.ActiveCfg = Debug|Any CPU
		{71B0ACC3-20EA-4F71-9EC5-6B148FCE3D88}.Debug|Any CPU.Build.0 = Debug|Any CPU
		{71B0ACC3-20EA-4F71-9EC5-6B148FCE3D88}.Release|Any CPU.ActiveCfg = Release|Any CPU
		{71B0ACC3-20EA-4F71-9EC5-6B148FCE3D88}.Release|Any CPU.Build.0 = Release|Any CPU
		{7BBCA3C3-33FC-4160-8E59-4FDA66726C22}.Debug|Any CPU.ActiveCfg = Debug|Any CPU
		{7BBCA3C3-33FC-4160-8E59-4FDA66726C22}.Debug|Any CPU.Build.0 = Debug|Any CPU
		{7BBCA3C3-33FC-4160-8E59-4FDA66726C22}.Release|Any CPU.ActiveCfg = Release|Any CPU
		{7BBCA3C3-33FC-4160-8E59-4FDA66726C22}.Release|Any CPU.Build.0 = Release|Any CPU
	EndGlobalSection
	GlobalSection(SolutionProperties) = preSolution
		HideSolutionNode = FALSE
	EndGlobalSection
	GlobalSection(NestedProjects) = preSolution
		{7EEA6088-028E-449F-8D7A-937973CA3397} = {DDFA4F62-E783-460B-A348-CC334989E982}
		{1ACF31ED-1502-4B22-91C3-CD407C4E9073} = {DDFA4F62-E783-460B-A348-CC334989E982}
		{71B0ACC3-20EA-4F71-9EC5-6B148FCE3D88} = {DDFA4F62-E783-460B-A348-CC334989E982}
		{7BBCA3C3-33FC-4160-8E59-4FDA66726C22} = {DDFA4F62-E783-460B-A348-CC334989E982}
	EndGlobalSection
EndGlobal
